{"1.2.0",
[{<<"cowlib">>,{pkg,<<"cowlib">>,<<"2.14.0">>},1},
 {<<"gproc">>,{pkg,<<"gproc">>,<<"1.0.0">>},0},
 {<<"jobs">>,{pkg,<<"jobs">>,<<"0.10.0">>},0},
 {<<"parse_trans">>,{pkg,<<"parse_trans">>,<<"3.4.0">>},1},
 {<<"qdate_localtime">>,{pkg,<<"qdate_localtime">>,<<"1.2.1">>},1},
 {<<"setup">>,{pkg,<<"setup">>,<<"2.1.0">>},1},
 {<<"ssl_verify_fun">>,{pkg,<<"ssl_verify_fun">>,<<"1.1.7">>},1},
 {<<"tls_certificate_check">>,
  {pkg,<<"tls_certificate_check">>,<<"1.27.0">>},
  0},
 {<<"zotonic_stdlib">>,{pkg,<<"zotonic_stdlib">>,<<"1.23.1">>},0}]}.
[
{pkg_hash,[
 {<<"cowlib">>, <<"623791C56C1CC9DF54A71A9C55147A401549917F00A2E48A6AE12B812C586CED">>},
 {<<"gproc">>, <<"AA9EC57F6C9FF065B16D96924168D7C7157CD1FD457680EFE4B1274F456FA500">>},
 {<<"jobs">>, <<"329C024A889249EA8262D0EF70BC7A498B7C96DA95977EBD026B13B069FB0E13">>},
 {<<"parse_trans">>, <<"BB87AC362A03CA674EBB7D9D498F45C03256ADED7214C9101F7035EF44B798C7">>},
 {<<"qdate_localtime">>, <<"72E1034DC6B7FEE8F588281EDDD0BD0DC5260005D758052F50634D265D382C18">>},
 {<<"setup">>, <<"05F69185A5EB71474C9BC6BA892565651EC7507791F85632B7B914DBFE130510">>},
 {<<"ssl_verify_fun">>, <<"354C321CF377240C7B8716899E182CE4890C5938111A1296ADD3EC74CF1715DF">>},
 {<<"tls_certificate_check">>, <<"2C1C7FC922A329B9EB45DDF39113C998BBDEB28A534219CD884431E2AEE1811E">>},
 {<<"zotonic_stdlib">>, <<"84B526A1A11B64AD606353EAF5BF2CAE3A5E39E52B18FBBAA6810043978F8B9C">>}]},
{pkg_hash_ext,[
 {<<"cowlib">>, <<"0AF652D1550C8411C3B58EED7A035A7FB088C0B86AFF6BC504B0BC3B7F791AA2">>},
 {<<"gproc">>, <<"109F253C2787DE8A371A51179D4973230CBEC6239EE673FA12216A5CE7E4F902">>},
 {<<"jobs">>, <<"09D486146BD32897726BB1F63DD95D1EB7F6F5A4C21C38CA58AB1646E8229724">>},
 {<<"parse_trans">>, <<"F99E368830BEA44552224E37E04943A54874F08B8590485DE8D13832B63A2DC3">>},
 {<<"qdate_localtime">>, <<"1109958D205C65C595C8C5694CB83EBAF2DBE770CF902E4DCE8AFB2C4123764D">>},
 {<<"setup">>, <<"EFD072578F0CF85BEA96CAAFFC7ADB0992398272522660A136E10567377071C5">>},
 {<<"ssl_verify_fun">>, <<"FE4C190E8F37401D30167C8C405EDA19469F34577987C76DDE613E838BBC67F8">>},
 {<<"tls_certificate_check">>, <<"51A5AD3DBD72D4694848965F3B5076E8B55D70EB8D5057FCDDD536029AB8A23C">>},
 {<<"zotonic_stdlib">>, <<"62CFAD96C4702C66348A05A8529C00B5E3EBB60E25E9789783BE7278A7C6A094">>}]}
].
